Microsoft Visual Studio Solution File, Format Version 11.00
# Visual Studio 2008

Project("{B4097632-90B8-E631-F9E4-E44DFB7D7E94}") = "UnrealEstate", "Assembly-CSharp-firstpass-vs.csproj", "{986F2BA4-D308-7597-4013-C46F8EA20182}"
EndProject
Project("{B4097632-90B8-E631-F9E4-E44DFB7D7E94}") = "UnrealEstate", "Assembly-CSharp-vs.csproj", "{84BA077A-30F4-2040-D77B-147E71A64B85}"
EndProject
Project("{B4097632-90B8-E631-F9E4-E44DFB7D7E94}") = "UnrealEstate", "Assembly-CSharp-Editor-vs.csproj", "{E9CBC36D-F05B-710D-A4B4-73BB7A011D44}"
EndProject
Global
	GlobalSection(SolutionConfigurationPlatforms) = preSolution
		Debug|Any CPU = Debug|Any CPU
		Release|Any CPU = Release|Any CPU
	EndGlobalSection
	GlobalSection(ProjectConfigurationPlatforms) = postSolution
		{986F2BA4-D308-7597-4013-C46F8EA20182}.Debug|Any CPU.ActiveCfg = Debug|Any CPU
		{986F2BA4-D308-7597-4013-C46F8EA20182}.Debug|Any CPU.Build.0 = Debug|Any CPU
		{986F2BA4-D308-7597-4013-C46F8EA20182}.Release|Any CPU.ActiveCfg = Release|Any CPU
		{986F2BA4-D308-7597-4013-C46F8EA20182}.Release|Any CPU.Build.0 = Release|Any CPU
		{84BA077A-30F4-2040-D77B-147E71A64B85}.Debug|Any CPU.ActiveCfg = Debug|Any CPU
		{84BA077A-30F4-2040-D77B-147E71A64B85}.Debug|Any CPU.Build.0 = Debug|Any CPU
		{84BA077A-30F4-2040-D77B-147E71A64B85}.Release|Any CPU.ActiveCfg = Release|Any CPU
		{84BA077A-30F4-2040-D77B-147E71A64B85}.Release|Any CPU.Build.0 = Release|Any CPU
		{E9CBC36D-F05B-710D-A4B4-73BB7A011D44}.Debug|Any CPU.ActiveCfg = Debug|Any CPU
		{E9CBC36D-F05B-710D-A4B4-73BB7A011D44}.Debug|Any CPU.Build.0 = Debug|Any CPU
		{E9CBC36D-F05B-710D-A4B4-73BB7A011D44}.Release|Any CPU.ActiveCfg = Release|Any CPU
		{E9CBC36D-F05B-710D-A4B4-73BB7A011D44}.Release|Any CPU.Build.0 = Release|Any CPU
	EndGlobalSection
	GlobalSection(SolutionProperties) = preSolution
		HideSolutionNode = FALSE
	EndGlobalSection
																																																																																																				GlobalSection(MonoDevelopProperties) = preSolution
		StartupItem = Assembly-CSharp.csproj
		Policies = $0
		$0.TextStylePolicy = $1
		$1.inheritsSet = null
		$1.scope = text/x-csharp
		$0.CSharpFormattingPolicy = $2
		$2.inheritsSet = Mono
		$2.inheritsScope = text/x-csharp
		$2.scope = text/x-csharp
		$0.TextStylePolicy = $3
		$3.FileWidth = 120
		$3.TabWidth = 4
		$3.EolMarker = Unix
		$3.inheritsSet = Mono
		$3.inheritsScope = text/plain
		$3.scope = text/plain
	EndGlobalSection

EndGlobal
